lockfileVersion: '9.0'

settings:
  autoInstallPeers: true
  excludeLinksFromLockfile: false

importers:

  .:
    dependencies:
      '@graphql-tools/schema':
        specifier: ^10.0.0
        version: 10.0.30(graphql@16.12.0)
      graphql:
        specifier: ^16.9.0
        version: 16.12.0
      graphql-subscriptions:
        specifier: ^2.0.0
        version: 2.0.0(graphql@16.12.0)
      graphql-ws:
        specifier: ^6.0.5
        version: 6.0.6(graphql@16.12.0)(ws@8.18.3)
      ws:
        specifier: ^8.18.0
        version: 8.18.3

packages:

  '@graphql-tools/merge@9.1.6':
    resolution: {integrity: sha512-bTnP+4oom4nDjmkS3Ykbe+ljAp/RIiWP3R35COMmuucS24iQxGLa9Hn8VMkLIoaoPxgz6xk+dbC43jtkNsFoBw==}
    engines: {node: '>=16.0.0'}
    peerDependencies:
      graphql: ^14.0.0 || ^15.0.0 || ^16.0.0 || ^17.0.0

  '@graphql-tools/schema@10.0.30':
    resolution: {integrity: sha512-yPXU17uM/LR90t92yYQqn9mAJNOVZJc0nQtYeZyZeQZeQjwIGlTubvvoDL0fFVk+wZzs4YQOgds2NwSA4npodA==}
    engines: {node: '>=16.0.0'}
    peerDependencies:
      graphql: ^14.0.0 || ^15.0.0 || ^16.0.0 || ^17.0.0

  '@graphql-tools/utils@10.11.0':
    resolution: {integrity: sha512-iBFR9GXIs0gCD+yc3hoNswViL1O5josI33dUqiNStFI/MHLCEPduasceAcazRH77YONKNiviHBV8f7OgcT4o2Q==}
    engines: {node: '>=16.0.0'}
    peerDependencies:
      graphql: ^14.0.0 || ^15.0.0 || ^16.0.0 || ^17.0.0

  '@graphql-typed-document-node/core@3.2.0':
    resolution: {integrity: sha512-mB9oAsNCm9aM3/SOv4YtBMqZbYj10R7dkq8byBqxGY/ncFwhf2oQzMV+LCRlWoDSEBJ3COiR1yeDvMtsoOsuFQ==}
    peerDependencies:
      graphql: ^0.8.0 || ^0.9.0 || ^0.10.0 || ^0.11.0 || ^0.12.0 || ^0.13.0 || ^14.0.0 || ^15.0.0 || ^16.0.0 || ^17.0.0

  '@whatwg-node/promise-helpers@1.3.2':
    resolution: {integrity: sha512-Nst5JdK47VIl9UcGwtv2Rcgyn5lWtZ0/mhRQ4G8NN2isxpq2TO30iqHzmwoJycjWuyUfg3GFXqP/gFHXeV57IA==}
    engines: {node: '>=16.0.0'}

  cross-inspect@1.0.1:
    resolution: {integrity: sha512-Pcw1JTvZLSJH83iiGWt6fRcT+BjZlCDRVwYLbUcHzv/CRpB7r0MlSrGbIyQvVSNyGnbt7G4AXuyCiDR3POvZ1A==}
    engines: {node: '>=16.0.0'}

  graphql-subscriptions@2.0.0:
    resolution: {integrity: sha512-s6k2b8mmt9gF9pEfkxsaO1lTxaySfKoEJzEfmwguBbQ//Oq23hIXCfR1hm4kdh5hnR20RdwB+s3BCb+0duHSZA==}
    peerDependencies:
      graphql: ^15.7.2 || ^16.0.0

  graphql-ws@6.0.6:
    resolution: {integrity: sha512-zgfER9s+ftkGKUZgc0xbx8T7/HMO4AV5/YuYiFc+AtgcO5T0v8AxYYNQ+ltzuzDZgNkYJaFspm5MMYLjQzrkmw==}
    engines: {node: '>=20'}
    peerDependencies:
      '@fastify/websocket': ^10 || ^11
      crossws: ~0.3
      graphql: ^15.10.1 || ^16
      uWebSockets.js: ^20
      ws: ^8
    peerDependenciesMeta:
      '@fastify/websocket':
        optional: true
      crossws:
        optional: true
      uWebSockets.js:
        optional: true
      ws:
        optional: true

  graphql@16.12.0:
    resolution: {integrity: sha512-DKKrynuQRne0PNpEbzuEdHlYOMksHSUI8Zc9Unei5gTsMNA2/vMpoMz/yKba50pejK56qj98qM0SjYxAKi13gQ==}
    engines: {node: ^12.22.0 || ^14.16.0 || ^16.0.0 || >=17.0.0}

  iterall@1.3.0:
    resolution: {integrity: sha512-QZ9qOMdF+QLHxy1QIpUHUU1D5pS2CG2P69LF6L6CPjPYA/XMOmKV3PZpawHoAjHNyB0swdVTRxdYT4tbBbxqwg==}

  tslib@2.8.1:
    resolution: {integrity: sha512-oJFu94HQb+KVduSUQL7wnpmqnfmLsOA/nAh6b6EH0wCEoK0/mPeXU6c3wKDV83MkOuHPRHtSXKKU99IBazS/2w==}

  ws@8.18.3:
    resolution: {integrity: sha512-PEIGCY5tSlUt50cqyMXfCzX+oOPqN0vuGqWzbcJ2xvnkzkq46oOpz7dQaTDBdfICb4N14+GARUDw2XV2N4tvzg==}
    engines: {node: '>=10.0.0'}
    peerDependencies:
      bufferutil: ^4.0.1
      utf-8-validate: '>=5.0.2'
    peerDependenciesMeta:
      bufferutil:
        optional: true
      utf-8-validate:
        optional: true

snapshots:

  '@graphql-tools/merge@9.1.6(graphql@16.12.0)':
    dependencies:
      '@graphql-tools/utils': 10.11.0(graphql@16.12.0)
      graphql: 16.12.0
      tslib: 2.8.1

  '@graphql-tools/schema@10.0.30(graphql@16.12.0)':
    dependencies:
      '@graphql-tools/merge': 9.1.6(graphql@16.12.0)
      '@graphql-tools/utils': 10.11.0(graphql@16.12.0)
      graphql: 16.12.0
      tslib: 2.8.1

  '@graphql-tools/utils@10.11.0(graphql@16.12.0)':
    dependencies:
      '@graphql-typed-document-node/core': 3.2.0(graphql@16.12.0)
      '@whatwg-node/promise-helpers': 1.3.2
      cross-inspect: 1.0.1
      graphql: 16.12.0
      tslib: 2.8.1

  '@graphql-typed-document-node/core@3.2.0(graphql@16.12.0)':
    dependencies:
      graphql: 16.12.0

  '@whatwg-node/promise-helpers@1.3.2':
    dependencies:
      tslib: 2.8.1

  cross-inspect@1.0.1:
    dependencies:
      tslib: 2.8.1

  graphql-subscriptions@2.0.0(graphql@16.12.0):
    dependencies:
      graphql: 16.12.0
      iterall: 1.3.0

  graphql-ws@6.0.6(graphql@16.12.0)(ws@8.18.3):
    dependencies:
      graphql: 16.12.0
    optionalDependencies:
      ws: 8.18.3

  graphql@16.12.0: {}

  iterall@1.3.0: {}

  tslib@2.8.1: {}

  ws@8.18.3: {}
